
Microsoft Visual Studio Solution File, Format Version 12.00
# Visual Studio Version 17
VisualStudioVersion = 17.9.34607.119
MinimumVisualStudioVersion = 10.0.40219.1
Project("{888888A0-9F3D-457C-B088-3A5042F75D52}") = "calculate_division", "calculate_division\calculate_division.pyproj", "{71843DE1-4857-4847-B12D-BFC1E181D8B5}"
EndProject
Global
	GlobalSection(SolutionConfigurationPlatforms) = preSolution
		Debug|Any CPU = Debug|Any CPU
		Release|Any CPU = Release|Any CPU
	EndGlobalSection
	GlobalSection(ProjectConfigurationPlatforms) = postSolution
		{71843DE1-4857-4847-B12D-BFC1E181D8B5}.Debug|Any CPU.ActiveCfg = Debug|Any CPU
		{71843DE1-4857-4847-B12D-BFC1E181D8B5}.Release|Any CPU.ActiveCfg = Release|Any CPU
	EndGlobalSection
	GlobalSection(SolutionProperties) = preSolution
		HideSolutionNode = FALSE
	EndGlobalSection
	GlobalSection(ExtensibilityGlobals) = postSolution
		SolutionGuid = {151F1AD3-70BA-4BC2-BF0D-30A1218FAA67}
	EndGlobalSection
EndGlobal
